
Microsoft Visual Studio Solution File, Format Version 12.00
Project("{FAE04EC0-301F-11D3-BF4B-00C04F79EFBC}") = "GestionReservas", "GestionReservas\GestionReservas.csproj", "{992C3DE0-08E7-403C-A4F0-F9AFC2C86717}"
EndProject
Global
	GlobalSection(SolutionConfigurationPlatforms) = preSolution
		Debug|Any CPU = Debug|Any CPU
		Release|Any CPU = Release|Any CPU
	EndGlobalSection
	GlobalSection(ProjectConfigurationPlatforms) = postSolution
		{992C3DE0-08E7-403C-A4F0-F9AFC2C86717}.Debug|Any CPU.ActiveCfg = Debug|Any CPU
		{992C3DE0-08E7-403C-A4F0-F9AFC2C86717}.Debug|Any CPU.Build.0 = Debug|Any CPU
		{992C3DE0-08E7-403C-A4F0-F9AFC2C86717}.Release|Any CPU.ActiveCfg = Release|Any CPU
		{992C3DE0-08E7-403C-A4F0-F9AFC2C86717}.Release|Any CPU.Build.0 = Release|Any CPU
	EndGlobalSection
EndGlobal
